Microsoft Visual Studio Solution File, Format Version 12.00
# Visual Studio Version 17
VisualStudioVersion = 17.5.2.0
MinimumVisualStudioVersion = 10.0.40219.1
Project("{FAE04EC0-301F-11D3-BF4B-00C04F79EFBC}") = "anota-backend", "anota-backend\anota-backend.csproj", "{792FD1A4-6049-688A-A221-13B637C50C93}"
EndProject
Global
	GlobalSection(SolutionConfigurationPlatforms) = preSolution
		Debug|Any CPU = Debug|Any CPU
		Release|Any CPU = Release|Any CPU
	EndGlobalSection
	GlobalSection(ProjectConfigurationPlatforms) = postSolution
		{792FD1A4-6049-688A-A221-13B637C50C93}.Debug|Any CPU.ActiveCfg = Debug|Any CPU
		{792FD1A4-6049-688A-A221-13B637C50C93}.Debug|Any CPU.Build.0 = Debug|Any CPU
		{792FD1A4-6049-688A-A221-13B637C50C93}.Release|Any CPU.ActiveCfg = Release|Any CPU
		{792FD1A4-6049-688A-A221-13B637C50C93}.Release|Any CPU.Build.0 = Release|Any CPU
	EndGlobalSection
	GlobalSection(SolutionProperties) = preSolution
		HideSolutionNode = FALSE
	EndGlobalSection
	GlobalSection(ExtensibilityGlobals) = postSolution
		SolutionGuid = {3FE96C01-2FFB-40B7-A981-83DDF09C08DD}
	EndGlobalSection
EndGlobal
